// !$*UTF8*$!
{
	archiveVersion = 1;
	classes = {
	};
	objectVersion = 51;
	objects = {

/* Begin PBXBuildFile section */
		8F6A512F84D754F9E148B402 /* Pods_teste_solutis.framework in Frameworks */ = {isa = PBXBuildFile; fileRef = 6EFBBC2B76D0F24384C56F09 /* Pods_teste_solutis.framework */; };
		BA59021526E12A060019FDAE /* UserModel.swift in Sources */ = {isa = PBXBuildFile; fileRef = BA59021426E12A060019FDAE /* UserModel.swift */; };
		BA59021726E13E200019FDAE /* LoginService.swift in Sources */ = {isa = PBXBuildFile; fileRef = BA59021626E13E200019FDAE /* LoginService.swift */; };
		BA59021B26E145460019FDAE /* ValidationUtils.swift in Sources */ = {isa = PBXBuildFile; fileRef = BA59021A26E145460019FDAE /* ValidationUtils.swift */; };
		BA59021E26E14A6E0019FDAE /* Localizable.strings in Resources */ = {isa = PBXBuildFile; fileRef = BA59021D26E14A6E0019FDAE /* Localizable.strings */; };
		BA59022026E15A2B0019FDAE /* HomeViewController.swift in Sources */ = {isa = PBXBuildFile; fileRef = BA59021F26E15A2B0019FDAE /* HomeViewController.swift */; };
		BA59022226E171EF0019FDAE /* ExtratoTableViewCell.swift in Sources */ = {isa = PBXBuildFile; fileRef = BA59022126E171EF0019FDAE /* ExtratoTableViewCell.swift */; };
		BA62325126E26C4000D0D438 /* CardView.swift in Sources */ = {isa = PBXBuildFile; fileRef = BA62325026E26C4000D0D438 /* CardView.swift */; };
		BA62325326E28FAE00D0D438 /* StatementModel.swift in Sources */ = {isa = PBXBuildFile; fileRef = BA62325226E28FAE00D0D438 /* StatementModel.swift */; };
		BA62325526E2965000D0D438 /* StatementService.swift in Sources */ = {isa = PBXBuildFile; fileRef = BA62325426E2964F00D0D438 /* StatementService.swift */; };
		BA6F48CA26DD481600693876 /* AppDelegate.swift in Sources */ = {isa = PBXBuildFile; fileRef = BA6F48C926DD481600693876 /* AppDelegate.swift */; };
		BA6F48CC26DD481600693876 /* SceneDelegate.swift in Sources */ = {isa = PBXBuildFile; fileRef = BA6F48CB26DD481600693876 /* SceneDelegate.swift */; };
		BA6F48CE26DD481600693876 /* LoginViewController.swift in Sources */ = {isa = PBXBuildFile; fileRef = BA6F48CD26DD481600693876 /* LoginViewController.swift */; };
		BA6F48D126DD481600693876 /* Main.storyboard in Resources */ = {isa = PBXBuildFile; fileRef = BA6F48CF26DD481600693876 /* Main.storyboard */; };
		BA6F48D326DD481700693876 /* Assets.xcassets in Resources */ = {isa = PBXBuildFile; fileRef = BA6F48D226DD481700693876 /* Assets.xcassets */; };
		BA6F48D626DD481700693876 /* LaunchScreen.storyboard in Resources */ = {isa = PBXBuildFile; fileRef = BA6F48D426DD481700693876 /* LaunchScreen.storyboard */; };
		BA6F48E126DD492600693876 /* UserData.swift in Sources */ = {isa = PBXBuildFile; fileRef = BA6F48E026DD492600693876 /* UserData.swift */; };
		BA6F48E326DD4A1F00693876 /* LoginData.swift in Sources */ = {isa = PBXBuildFile; fileRef = BA6F48E226DD4A1F00693876 /* LoginData.swift */; };
		BA6F48E526DD4B1D00693876 /* StatementData.swift in Sources */ = {isa = PBXBuildFile; fileRef = BA6F48E426DD4B1D00693876 /* StatementData.swift */; };
/* End PBXBuildFile section */

/* Begin PBXFileReference section */
		54A664BBA355159A868B7693 /* Pods-teste-solutis.debug.xcconfig */ = {isa = PBXFileReference; includeInIndex = 1; lastKnownFileType = text.xcconfig; name = "Pods-teste-solutis.debug.xcconfig"; path = "Target Support Files/Pods-teste-solutis/Pods-teste-solutis.debug.xcconfig"; sourceTree = "<group>"; };
		5B7392CA63D47031F9231393 /* Pods-teste-solutis.release.xcconfig */ = {isa = PBXFileReference; includeInIndex = 1; lastKnownFileType = text.xcconfig; name = "Pods-teste-solutis.release.xcconfig"; path = "Target Support Files/Pods-teste-solutis/Pods-teste-solutis.release.xcconfig"; sourceTree = "<group>"; };
		6EFBBC2B76D0F24384C56F09 /* Pods_teste_solutis.framework */ = {isa = PBXFileReference; explicitFileType = wrapper.framework; includeInIndex = 0; path = Pods_teste_solutis.framework; sourceTree = BUILT_PRODUCTS_DIR; };
		BA59021426E12A060019FDAE /* UserModel.swift */ = {isa = PBXFileReference; lastKnownFileType = sourcecode.swift; path = UserModel.swift; sourceTree = "<group>"; };
		BA59021626E13E200019FDAE /* LoginService.swift */ = {isa = PBXFileReference; lastKnownFileType = sourcecode.swift; path = LoginService.swift; sourceTree = "<group>"; };
		BA59021A26E145460019FDAE /* ValidationUtils.swift */ = {isa = PBXFileReference; lastKnownFileType = sourcecode.swift; path = ValidationUtils.swift; sourceTree = "<group>"; };
		BA59021D26E14A6E0019FDAE /* Localizable.strings */ = {isa = PBXFileReference; lastKnownFileType = text.plist.strings; path = Localizable.strings; sourceTree = "<group>"; };
		BA59021F26E15A2B0019FDAE /* HomeViewController.swift */ = {isa = PBXFileReference; lastKnownFileType = sourcecode.swift; path = HomeViewController.swift; sourceTree = "<group>"; };
		BA59022126E171EF0019FDAE /* ExtratoTableViewCell.swift */ = {isa = PBXFileReference; lastKnownFileType = sourcecode.swift; path = ExtratoTableViewCell.swift; sourceTree = "<group>"; };
		BA62325026E26C4000D0D438 /* CardView.swift */ = {isa = PBXFileReference; lastKnownFileType = sourcecode.swift; path = CardView.swift; sourceTree = "<group>"; };
		BA62325226E28FAE00D0D438 /* StatementModel.swift */ = {isa = PBXFileReference; lastKnownFileType = sourcecode.swift; path = StatementModel.swift; sourceTree = "<group>"; };
		BA62325426E2964F00D0D438 /* StatementService.swift */ = {isa = PBXFileReference; lastKnownFileType = sourcecode.swift; path = StatementService.swift; sourceTree = "<group>"; };
		BA6F48C626DD481600693876 /* teste-solutis.app */ = {isa = PBXFileReference; explicitFileType = wrapper.application; includeInIndex = 0; path = "teste-solutis.app"; sourceTree = BUILT_PRODUCTS_DIR; };
		BA6F48C926DD481600693876 /* AppDelegate.swift */ = {isa = PBXFileReference; lastKnownFileType = sourcecode.swift; path = AppDelegate.swift; sourceTree = "<group>"; };
		BA6F48CB26DD481600693876 /* SceneDelegate.swift */ = {isa = PBXFileReference; lastKnownFileType = sourcecode.swift; path = SceneDelegate.swift; sourceTree = "<group>"; };
		BA6F48CD26DD481600693876 /* LoginViewController.swift */ = {isa = PBXFileReference; lastKnownFileType = sourcecode.swift; path = LoginViewController.swift; sourceTree = "<group>"; };
		BA6F48D026DD481600693876 /* Base */ = {isa = PBXFileReference; lastKnownFileType = file.storyboard; name = Base; path = Base.lproj/Main.storyboard; sourceTree = "<group>"; };
		BA6F48D226DD481700693876 /* Assets.xcassets */ = {isa = PBXFileReference; lastKnownFileType = folder.assetcatalog; path = Assets.xcassets; sourceTree = "<group>"; };
		BA6F48D526DD481700693876 /* Base */ = {isa = PBXFileReference; lastKnownFileType = file.storyboard; name = Base; path = Base.lproj/LaunchScreen.storyboard; sourceTree = "<group>"; };
		BA6F48D726DD481700693876 /* Info.plist */ = {isa = PBXFileReference; lastKnownFileType = text.plist.xml; path = Info.plist; sourceTree = "<group>"; };
		BA6F48E026DD492600693876 /* UserData.swift */ = {isa = PBXFileReference; lastKnownFileType = sourcecode.swift; path = UserData.swift; sourceTree = "<group>"; };
		BA6F48E226DD4A1F00693876 /* LoginData.swift */ = {isa = PBXFileReference; lastKnownFileType = sourcecode.swift; path = LoginData.swift; sourceTree = "<group>"; };
		BA6F48E426DD4B1D00693876 /* StatementData.swift */ = {isa = PBXFileReference; lastKnownFileType = sourcecode.swift; path = StatementData.swift; sourceTree = "<group>"; };
/* End PBXFileReference section */

/* Begin PBXFrameworksBuildPhase section */
		BA6F48C326DD481600693876 /* Frameworks */ = {
			isa = PBXFrameworksBuildPhase;
			buildActionMask = 2147483647;
			files = (
				8F6A512F84D754F9E148B402 /* Pods_teste_solutis.framework in Frameworks */,
			);
			runOnlyForDeploymentPostprocessing = 0;
		};
/* End PBXFrameworksBuildPhase section */

/* Begin PBXGroup section */
		BA59021226E128BE0019FDAE /* Data */ = {
			isa = PBXGroup;
			children = (
				BA6F48E226DD4A1F00693876 /* LoginData.swift */,
				BA6F48E026DD492600693876 /* UserData.swift */,
				BA6F48E426DD4B1D00693876 /* StatementData.swift */,
			);
			path = Data;
			sourceTree = "<group>";
		};
		BA59021826E142980019FDAE /* Services */ = {
			isa = PBXGroup;
			children = (
				BA59021626E13E200019FDAE /* LoginService.swift */,
				BA62325426E2964F00D0D438 /* StatementService.swift */,
			);
			path = Services;
			sourceTree = "<group>";
		};
		BA59021926E1452C0019FDAE /* Utils */ = {
			isa = PBXGroup;
			children = (
				BA59021A26E145460019FDAE /* ValidationUtils.swift */,
				BA62325026E26C4000D0D438 /* CardView.swift */,
			);
			path = Utils;
			sourceTree = "<group>";
		};
		BA59021C26E14A470019FDAE /* Supporting Files */ = {
			isa = PBXGroup;
			children = (
				BA6F48C926DD481600693876 /* AppDelegate.swift */,
				BA6F48CB26DD481600693876 /* SceneDelegate.swift */,
				BA6F48D226DD481700693876 /* Assets.xcassets */,
				BA59021D26E14A6E0019FDAE /* Localizable.strings */,
				BA6F48D726DD481700693876 /* Info.plist */,
			);
			path = "Supporting Files";
			sourceTree = "<group>";
		};
		BA62325626E2C37A00D0D438 /* Cells */ = {
			isa = PBXGroup;
			children = (
				BA59022126E171EF0019FDAE /* ExtratoTableViewCell.swift */,
			);
			path = Cells;
			sourceTree = "<group>";
		};
		BA6F48BD26DD481600693876 = {
			isa = PBXGroup;
			children = (
				BA6F48C826DD481600693876 /* teste-solutis */,
				BA6F48C726DD481600693876 /* Products */,
				F6FB051AF3AE7B4629DDBAAC /* Pods */,
				C79745EA0AA103BEB9F319C5 /* Frameworks */,
			);
			sourceTree = "<group>";
		};
		BA6F48C726DD481600693876 /* Products */ = {
			isa = PBXGroup;
			children = (
				BA6F48C626DD481600693876 /* teste-solutis.app */,
			);
			name = Products;
			sourceTree = "<group>";
		};
		BA6F48C826DD481600693876 /* teste-solutis */ = {
			isa = PBXGroup;
			children = (
				BA6F48DE26DD48E500693876 /* Models */,
				BA6F48DD26DD48DF00693876 /* Views */,
				BA6F48DF26DD48EA00693876 /* Controllers */,
				BA59021826E142980019FDAE /* Services */,
				BA59021926E1452C0019FDAE /* Utils */,
				BA59021C26E14A470019FDAE /* Supporting Files */,
			);
			path = "teste-solutis";
			sourceTree = "<group>";
		};
		BA6F48DD26DD48DF00693876 /* Views */ = {
			isa = PBXGroup;
			children = (
				BA62325626E2C37A00D0D438 /* Cells */,
				BA6F48CF26DD481600693876 /* Main.storyboard */,
				BA6F48D426DD481700693876 /* LaunchScreen.storyboard */,
			);
			path = Views;
			sourceTree = "<group>";
		};
		BA6F48DE26DD48E500693876 /* Models */ = {
			isa = PBXGroup;
			children = (
				BA59021426E12A060019FDAE /* UserModel.swift */,
				BA62325226E28FAE00D0D438 /* StatementModel.swift */,
				BA59021226E128BE0019FDAE /* Data */,
			);
			path = Models;
			sourceTree = "<group>";
		};
		BA6F48DF26DD48EA00693876 /* Controllers */ = {
			isa = PBXGroup;
			children = (
				BA6F48CD26DD481600693876 /* LoginViewController.swift */,
				BA59021F26E15A2B0019FDAE /* HomeViewController.swift */,
			);
			path = Controllers;
			sourceTree = "<group>";
		};
		C79745EA0AA103BEB9F319C5 /* Frameworks */ = {
			isa = PBXGroup;
			children = (
				6EFBBC2B76D0F24384C56F09 /* Pods_teste_solutis.framework */,
			);
			name = Frameworks;
			sourceTree = "<group>";
		};
		F6FB051AF3AE7B4629DDBAAC /* Pods */ = {
			isa = PBXGroup;
			children = (
				54A664BBA355159A868B7693 /* Pods-teste-solutis.debug.xcconfig */,
				5B7392CA63D47031F9231393 /* Pods-teste-solutis.release.xcconfig */,
			);
			path = Pods;
			sourceTree = "<group>";
		};
/* End PBXGroup section */

/* Begin PBXNativeTarget section */
		BA6F48C526DD481600693876 /* teste-solutis */ = {
			isa = PBXNativeTarget;
			buildConfigurationList = BA6F48DA26DD481700693876 /* Build configuration list for PBXNativeTarget "teste-solutis" */;
			buildPhases = (
				7D0737712316B7F2FF598D16 /* [CP] Check Pods Manifest.lock */,
				BA6F48C226DD481600693876 /* Sources */,
				BA6F48C326DD481600693876 /* Frameworks */,
				BA6F48C426DD481600693876 /* Resources */,
				39A41E59490E9A2DF3CD5FBB /* [CP] Embed Pods Frameworks */,
			);
			buildRules = (
			);
			dependencies = (
			);
			name = "teste-solutis";
			productName = "teste-solutis";
			productReference = BA6F48C626DD481600693876 /* teste-solutis.app */;
			productType = "com.apple.product-type.application";
		};
/* End PBXNativeTarget section */

/* Begin PBXProject section */
		BA6F48BE26DD481600693876 /* Project object */ = {
			isa = PBXProject;
			attributes = {
				LastSwiftUpdateCheck = 1250;
				LastUpgradeCheck = 1250;
				TargetAttributes = {
					BA6F48C526DD481600693876 = {
						CreatedOnToolsVersion = 12.5.1;
					};
				};
			};
			buildConfigurationList = BA6F48C126DD481600693876 /* Build configuration list for PBXProject "teste-solutis" */;
			compatibilityVersion = "Xcode 9.3";
			developmentRegion = en;
			hasScannedForEncodings = 0;
			knownRegions = (
				en,
				Base,
			);
			mainGroup = BA6F48BD26DD481600693876;
			productRefGroup = BA6F48C726DD481600693876 /* Products */;
			projectDirPath = "";
			projectRoot = "";
			targets = (
				BA6F48C526DD481600693876 /* teste-solutis */,
			);
		};
/* End PBXProject section */

/* Begin PBXResourcesBuildPhase section */
		BA6F48C426DD481600693876 /* Resources */ = {
			isa = PBXResourcesBuildPhase;
			buildActionMask = 2147483647;
			files = (
				BA6F48D626DD481700693876 /* LaunchScreen.storyboard in Resources */,
				BA59021E26E14A6E0019FDAE /* Localizable.strings in Resources */,
				BA6F48D326DD481700693876 /* Assets.xcassets in Resources */,
				BA6F48D126DD481600693876 /* Main.storyboard in Resources */,
			);
			runOnlyForDeploymentPostprocessing = 0;
		};
/* End PBXResourcesBuildPhase section */

/* Begin PBXShellScriptBuildPhase section */
		39A41E59490E9A2DF3CD5FBB /* [CP] Embed Pods Frameworks */ = {
			isa = PBXShellScriptBuildPhase;
			buildActionMask = 2147483647;
			files = (
			);
			inputFileListPaths = (
				"${PODS_ROOT}/Target Support Files/Pods-teste-solutis/Pods-teste-solutis-frameworks-${CONFIGURATION}-input-files.xcfilelist",
			);
			name = "[CP] Embed Pods Frameworks";
			outputFileListPaths = (
				"${PODS_ROOT}/Target Support Files/Pods-teste-solutis/Pods-teste-solutis-frameworks-${CONFIGURATION}-output-files.xcfilelist",
			);
			runOnlyForDeploymentPostprocessing = 0;
			shellPath = /bin/sh;
			shellScript = "\"${PODS_ROOT}/Target Support Files/Pods-teste-solutis/Pods-teste-solutis-frameworks.sh\"\n";
			showEnvVarsInLog = 0;
		};
		7D0737712316B7F2FF598D16 /* [CP] Check Pods Manifest.lock */ = {
			isa = PBXShellScriptBuildPhase;
			buildActionMask = 2147483647;
			files = (
			);
			inputFileListPaths = (
			);
			inputPaths = (
				"${PODS_PODFILE_DIR_PATH}/Podfile.lock",
				"${PODS_ROOT}/Manifest.lock",
			);
			name = "[CP] Check Pods Manifest.lock";
			outputFileListPaths = (
			);
			outputPaths = (
				"$(DERIVED_FILE_DIR)/Pods-teste-solutis-checkManifestLockResult.txt",
			);
			runOnlyForDeploymentPostprocessing = 0;
			shellPath = /bin/sh;
			shellScript = "diff \"${PODS_PODFILE_DIR_PATH}/Podfile.lock\" \"${PODS_ROOT}/Manifest.lock\" > /dev/null\nif [ $? != 0 ] ; then\n    # print error to STDERR\n    echo \"error: The sandbox is not in sync with the Podfile.lock. Run 'pod install' or update your CocoaPods installation.\" >&2\n    exit 1\nfi\n# This output is used by Xcode 'outputs' to avoid re-running this script phase.\necho \"SUCCESS\" > \"${SCRIPT_OUTPUT_FILE_0}\"\n";
			showEnvVarsInLog = 0;
		};
/* End PBXShellScriptBuildPhase section */

/* Begin PBXSourcesBuildPhase section */
		BA6F48C226DD481600693876 /* Sources */ = {
			isa = PBXSourcesBuildPhase;
			buildActionMask = 2147483647;
			files = (
				BA6F48E126DD492600693876 /* UserData.swift in Sources */,
				BA59021726E13E200019FDAE /* LoginService.swift in Sources */,
				BA59021526E12A060019FDAE /* UserModel.swift in Sources */,
				BA6F48E326DD4A1F00693876 /* LoginData.swift in Sources */,
				BA6F48CE26DD481600693876 /* LoginViewController.swift in Sources */,
				BA62325526E2965000D0D438 /* StatementService.swift in Sources */,
				BA59022026E15A2B0019FDAE /* HomeViewController.swift in Sources */,
				BA59022226E171EF0019FDAE /* ExtratoTableViewCell.swift in Sources */,
				BA6F48CA26DD481600693876 /* AppDelegate.swift in Sources */,
				BA62325326E28FAE00D0D438 /* StatementModel.swift in Sources */,
				BA6F48CC26DD481600693876 /* SceneDelegate.swift in Sources */,
				BA59021B26E145460019FDAE /* ValidationUtils.swift in Sources */,
				BA62325126E26C4000D0D438 /* CardView.swift in Sources */,
				BA6F48E526DD4B1D00693876 /* StatementData.swift in Sources */,
			);
			runOnlyForDeploymentPostprocessing = 0;
		};
/* End PBXSourcesBuildPhase section */

/* Begin PBXVariantGroup section */
		BA6F48CF26DD481600693876 /* Main.storyboard */ = {
			isa = PBXVariantGroup;
			children = (
				BA6F48D026DD481600693876 /* Base */,
			);
			name = Main.storyboard;
			sourceTree = "<group>";
		};
		BA6F48D426DD481700693876 /* LaunchScreen.storyboard */ = {
			isa = PBXVariantGroup;
			children = (
				BA6F48D526DD481700693876 /* Base */,
			);
			name = LaunchScreen.storyboard;
			sourceTree = "<group>";
		};
/* End PBXVariantGroup section */

/* Begin XCBuildConfiguration section */
		BA6F48D826DD481700693876 /* Debug */ = {
			isa = XCBuildConfiguration;
			buildSettings = {
				ALWAYS_SEARCH_USER_PATHS = NO;
				CLANG_ANALYZER_NONNULL = YES;
				CLANG_ANALYZER_NUMBER_OBJECT_CONVERSION = YES_AGGRESSIVE;
				CLANG_CXX_LANGUAGE_STANDARD = "gnu++14";
				CLANG_CXX_LIBRARY = "libc++";
				CLANG_ENABLE_MODULES = YES;
				CLANG_ENABLE_OBJC_ARC = YES;
				CLANG_ENABLE_OBJC_WEAK = YES;
				CLANG_WARN_BLOCK_CAPTURE_AUTORELEASING = YES;
				CLANG_WARN_BOOL_CONVERSION = YES;
				CLANG_WARN_COMMA = YES;
				CLANG_WARN_CONSTANT_CONVERSION = YES;
				CLANG_WARN_DEPRECATED_OBJC_IMPLEMENTATIONS = YES;
				CLANG_WARN_DIRECT_OBJC_ISA_USAGE = YES_ERROR;
				CLANG_WARN_DOCUMENTATION_COMMENTS = YES;
				CLANG_WARN_EMPTY_BODY = YES;
				CLANG_WARN_ENUM_CONVERSION = YES;
				CLANG_WARN_INFINITE_RECURSION = YES;
				CLANG_WARN_INT_CONVERSION = YES;
				CLANG_WARN_NON_LITERAL_NULL_CONVERSION = YES;
				CLANG_WARN_OBJC_IMPLICIT_RETAIN_SELF = YES;
				CLANG_WARN_OBJC_LITERAL_CONVERSION = YES;
				CLANG_WARN_OBJC_ROOT_CLASS = YES_ERROR;
				CLANG_WARN_QUOTED_INCLUDE_IN_FRAMEWORK_HEADER = YES;
				CLANG_WARN_RANGE_LOOP_ANALYSIS = YES;
				CLANG_WARN_STRICT_PROTOTYPES = YES;
				CLANG_WARN_SUSPICIOUS_MOVE = YES;
				CLANG_WARN_UNGUARDED_AVAILABILITY = YES_AGGRESSIVE;
				CLANG_WARN_UNREACHABLE_CODE = YES;
				CLANG_WARN__DUPLICATE_METHOD_MATCH = YES;
				COPY_PHASE_STRIP = NO;
				DEBUG_INFORMATION_FORMAT = dwarf;
				ENABLE_STRICT_OBJC_MSGSEND = YES;
				ENABLE_TESTABILITY = YES;
				GCC_C_LANGUAGE_STANDARD = gnu11;
				GCC_DYNAMIC_NO_PIC = NO;
				GCC_NO_COMMON_BLOCKS = YES;
				GCC_OPTIMIZATION_LEVEL = 0;
				GCC_PREPROCESSOR_DEFINITIONS = (
					"DEBUG=1",
					"$(inherited)",
				);
				GCC_WARN_64_TO_32_BIT_CONVERSION = YES;
				GCC_WARN_ABOUT_RETURN_TYPE = YES_ERROR;
				GCC_WARN_UNDECLARED_SELECTOR = YES;
				GCC_WARN_UNINITIALIZED_AUTOS = YES_AGGRESSIVE;
				GCC_WARN_UNUSED_FUNCTION = YES;
				GCC_WARN_UNUSED_VARIABLE = YES;
				IPHONEOS_DEPLOYMENT_TARGET = 14.5;
				MTL_ENABLE_DEBUG_INFO = INCLUDE_SOURCE;
				MTL_FAST_MATH = YES;
				ONLY_ACTIVE_ARCH = YES;
				SDKROOT = iphoneos;
				SWIFT_ACTIVE_COMPILATION_CONDITIONS = DEBUG;
				SWIFT_OPTIMIZATION_LEVEL = "-Onone";
			};
			name = Debug;
		};
		BA6F48D926DD481700693876 /* Release */ = {
			isa = XCBuildConfiguration;
			buildSettings = {
				ALWAYS_SEARCH_USER_PATHS = NO;
				CLANG_ANALYZER_NONNULL = YES;
				CLANG_ANALYZER_NUMBER_OBJECT_CONVERSION = YES_AGGRESSIVE;
				CLANG_CXX_LANGUAGE_STANDARD = "gnu++14";
				CLANG_CXX_LIBRARY = "libc++";
				CLANG_ENABLE_MODULES = YES;
				CLANG_ENABLE_OBJC_ARC = YES;
				CLANG_ENABLE_OBJC_WEAK = YES;
				CLANG_WARN_BLOCK_CAPTURE_AUTORELEASING = YES;
				CLANG_WARN_BOOL_CONVERSION = YES;
				CLANG_WARN_COMMA = YES;
				CLANG_WARN_CONSTANT_CONVERSION = YES;
				CLANG_WARN_DEPRECATED_OBJC_IMPLEMENTATIONS = YES;
				CLANG_WARN_DIRECT_OBJC_ISA_USAGE = YES_ERROR;
				CLANG_WARN_DOCUMENTATION_COMMENTS = YES;
				CLANG_WARN_EMPTY_BODY = YES;
				CLANG_WARN_ENUM_CONVERSION = YES;
				CLANG_WARN_INFINITE_RECURSION = YES;
				CLANG_WARN_INT_CONVERSION = YES;
				CLANG_WARN_NON_LITERAL_NULL_CONVERSION = YES;
				CLANG_WARN_OBJC_IMPLICIT_RETAIN_SELF = YES;
				CLANG_WARN_OBJC_LITERAL_CONVERSION = YES;
				CLANG_WARN_OBJC_ROOT_CLASS = YES_ERROR;
				CLANG_WARN_QUOTED_INCLUDE_IN_FRAMEWORK_HEADER = YES;
				CLANG_WARN_RANGE_LOOP_ANALYSIS = YES;
				CLANG_WARN_STRICT_PROTOTYPES = YES;
				CLANG_WARN_SUSPICIOUS_MOVE = YES;
				CLANG_WARN_UNGUARDED_AVAILABILITY = YES_AGGRESSIVE;
				CLANG_WARN_UNREACHABLE_CODE = YES;
				CLANG_WARN__DUPLICATE_METHOD_MATCH = YES;
				COPY_PHASE_STRIP = NO;
				DEBUG_INFORMATION_FORMAT = "dwarf-with-dsym";
				ENABLE_NS_ASSERTIONS = NO;
				ENABLE_STRICT_OBJC_MSGSEND = YES;
				GCC_C_LANGUAGE_STANDARD = gnu11;
				GCC_NO_COMMON_BLOCKS = YES;
				GCC_WARN_64_TO_32_BIT_CONVERSION = YES;
				GCC_WARN_ABOUT_RETURN_TYPE = YES_ERROR;
				GCC_WARN_UNDECLARED_SELECTOR = YES;
				GCC_WARN_UNINITIALIZED_AUTOS = YES_AGGRESSIVE;
				GCC_WARN_UNUSED_FUNCTION = YES;
				GCC_WARN_UNUSED_VARIABLE = YES;
				IPHONEOS_DEPLOYMENT_TARGET = 14.5;
				MTL_ENABLE_DEBUG_INFO = NO;
				MTL_FAST_MATH = YES;
				SDKROOT = iphoneos;
				SWIFT_COMPILATION_MODE = wholemodule;
				SWIFT_OPTIMIZATION_LEVEL = "-O";
				VALIDATE_PRODUCT = YES;
			};
			name = Release;
		};
		BA6F48DB26DD481700693876 /* Debug */ = {
			isa = XCBuildConfiguration;
			baseConfigurationReference = 54A664BBA355159A868B7693 /* Pods-teste-solutis.debug.xcconfig */;
			buildSettings = {
				ASSETCATALOG_COMPILER_APPICON_NAME = AppIcon;
				ASSETCATALOG_COMPILER_GLOBAL_ACCENT_COLOR_NAME = AccentColor;
				CODE_SIGN_STYLE = Automatic;
				INFOPLIST_FILE = "teste-solutis/Supporting Files/Info.plist";
				LD_RUNPATH_SEARCH_PATHS = (
					"$(inherited)",
					"@executable_path/Frameworks",
				);
				PRODUCT_BUNDLE_IDENTIFIER = "br.com.example.teste-solutis";
				PRODUCT_NAME = "$(TARGET_NAME)";
				SWIFT_VERSION = 5.0;
				TARGETED_DEVICE_FAMILY = "1,2";
			};
			name = Debug;
		};
		BA6F48DC26DD481700693876 /* Release */ = {
			isa = XCBuildConfiguration;
			baseConfigurationReference = 5B7392CA63D47031F9231393 /* Pods-teste-solutis.release.xcconfig */;
			buildSettings = {
				ASSETCATALOG_COMPILER_APPICON_NAME = AppIcon;
				ASSETCATALOG_COMPILER_GLOBAL_ACCENT_COLOR_NAME = AccentColor;
				CODE_SIGN_STYLE = Automatic;
				INFOPLIST_FILE = "teste-solutis/Supporting Files/Info.plist";
				LD_RUNPATH_SEARCH_PATHS = (
					"$(inherited)",
					"@executable_path/Frameworks",
				);
				PRODUCT_BUNDLE_IDENTIFIER = "br.com.example.teste-solutis";
				PRODUCT_NAME = "$(TARGET_NAME)";
				SWIFT_VERSION = 5.0;
				TARGETED_DEVICE_FAMILY = "1,2";
			};
			name = Release;
		};
/* End XCBuildConfiguration section */

/* Begin XCConfigurationList section */
		BA6F48C126DD481600693876 /* Build configuration list for PBXProject "teste-solutis" */ = {
			isa = XCConfigurationList;
			buildConfigurations = (
				BA6F48D826DD481700693876 /* Debug */,
				BA6F48D926DD481700693876 /* Release */,
			);
			defaultConfigurationIsVisible = 0;
			defaultConfigurationName = Release;
		};
		BA6F48DA26DD481700693876 /* Build configuration list for PBXNativeTarget "teste-solutis" */ = {
			isa = XCConfigurationList;
			buildConfigurations = (
				BA6F48DB26DD481700693876 /* Debug */,
				BA6F48DC26DD481700693876 /* Release */,
			);
			defaultConfigurationIsVisible = 0;
			defaultConfigurationName = Release;
		};
/* End XCConfigurationList section */
	};
	rootObject = BA6F48BE26DD481600693876 /* Project object */;
}
